
Microsoft Visual Studio Solution File, Format Version 12.00
# Visual Studio 15
VisualStudioVersion = 15.0.26430.12
MinimumVisualStudioVersion = 10.0.40219.1
Project("{F2A71F9B-5D33-465A-A702-920D77279786}") = "ParserLibrary", "ParserLibrary\ParserLibrary.fsproj", "{A6EE0787-867C-47A2-8CD6-EE73333C10B6}"
EndProject
Project("{F2A71F9B-5D33-465A-A702-920D77279786}") = "FsJsonParser", "FsJsonParser\FsJsonParser.fsproj", "{6B0CD018-8D03-49C7-8AB8-1AFA90D2B68F}"
EndProject
Global
	GlobalSection(SolutionConfigurationPlatforms) = preSolution
		Debug|Any CPU = Debug|Any CPU
		Release|Any CPU = Release|Any CPU
	EndGlobalSection
	GlobalSection(ProjectConfigurationPlatforms) = postSolution
		{A6EE0787-867C-47A2-8CD6-EE73333C10B6}.Debug|Any CPU.ActiveCfg = Debug|Any CPU
		{A6EE0787-867C-47A2-8CD6-EE73333C10B6}.Debug|Any CPU.Build.0 = Debug|Any CPU
		{A6EE0787-867C-47A2-8CD6-EE73333C10B6}.Release|Any CPU.ActiveCfg = Release|Any CPU
		{A6EE0787-867C-47A2-8CD6-EE73333C10B6}.Release|Any CPU.Build.0 = Release|Any CPU
		{6B0CD018-8D03-49C7-8AB8-1AFA90D2B68F}.Debug|Any CPU.ActiveCfg = Debug|Any CPU
		{6B0CD018-8D03-49C7-8AB8-1AFA90D2B68F}.Debug|Any CPU.Build.0 = Debug|Any CPU
		{6B0CD018-8D03-49C7-8AB8-1AFA90D2B68F}.Release|Any CPU.ActiveCfg = Release|Any CPU
		{6B0CD018-8D03-49C7-8AB8-1AFA90D2B68F}.Release|Any CPU.Build.0 = Release|Any CPU
	EndGlobalSection
	GlobalSection(SolutionProperties) = preSolution
		HideSolutionNode = FALSE
	EndGlobalSection
EndGlobal
